
Microsoft Visual Studio Solution File, Format Version 12.00
# Visual Studio Version 17
VisualStudioVersion = 17.2.32630.192
MinimumVisualStudioVersion = 10.0.40219.1
Project("{8BC9CEB8-8B4A-11D0-8D11-00A0C91BC942}") = "Module4_Chapter3_Challenge1", "Module4_Chapter3_Challenge1.vcxproj", "{15A039C8-3CDF-47B8-8705-14E50FEB7191}"
EndProject
Global
	GlobalSection(SolutionConfigurationPlatforms) = preSolution
		Debug|x64 = Debug|x64
		Debug|x86 = Debug|x86
		Release|x64 = Release|x64
		Release|x86 = Release|x86
	EndGlobalSection
	GlobalSection(ProjectConfigurationPlatforms) = postSolution
		{15A039C8-3CDF-47B8-8705-14E50FEB7191}.Debug|x64.ActiveCfg = Debug|x64
		{15A039C8-3CDF-47B8-8705-14E50FEB7191}.Debug|x64.Build.0 = Debug|x64
		{15A039C8-3CDF-47B8-8705-14E50FEB7191}.Debug|x86.ActiveCfg = Debug|Win32
		{15A039C8-3CDF-47B8-8705-14E50FEB7191}.Debug|x86.Build.0 = Debug|Win32
		{15A039C8-3CDF-47B8-8705-14E50FEB7191}.Release|x64.ActiveCfg = Release|x64
		{15A039C8-3CDF-47B8-8705-14E50FEB7191}.Release|x64.Build.0 = Release|x64
		{15A039C8-3CDF-47B8-8705-14E50FEB7191}.Release|x86.ActiveCfg = Release|Win32
		{15A039C8-3CDF-47B8-8705-14E50FEB7191}.Release|x86.Build.0 = Release|Win32
	EndGlobalSection
	GlobalSection(SolutionProperties) = preSolution
		HideSolutionNode = FALSE
	EndGlobalSection
	GlobalSection(ExtensibilityGlobals) = postSolution
		SolutionGuid = {0F727D33-2501-4463-A765-9FFDA973D54F}
	EndGlobalSection
EndGlobal
